
Microsoft Visual Studio Solution File, Format Version 12.00
# Visual Studio 15
VisualStudioVersion = 15.0.27130.0
MinimumVisualStudioVersion = 10.0.40219.1
Project("{FAE04EC0-301F-11D3-BF4B-00C04F79EFBC}") = "Xamarin.Forms.Templates.MVVM.Android", "Xamarin.Forms.Templates.MVVM\Xamarin.Forms.Templates.MVVM.Android\Xamarin.Forms.Templates.MVVM.Android.csproj", "{D12AF9BE-6E5D-4BBF-80DC-90753262D45F}"
EndProject
Project("{FAE04EC0-301F-11D3-BF4B-00C04F79EFBC}") = "Xamarin.Forms.Templates.MVVM.iOS", "Xamarin.Forms.Templates.MVVM\Xamarin.Forms.Templates.MVVM.iOS\Xamarin.Forms.Templates.MVVM.iOS.csproj", "{A59D7D45-D9A4-4845-94D7-EFD5ABEC0BB7}"
EndProject
Project("{FAE04EC0-301F-11D3-BF4B-00C04F79EFBC}") = "Xamarin.Forms.Templates.MVVM.UWP", "Xamarin.Forms.Templates.MVVM\Xamarin.Forms.Templates.MVVM.UWP\Xamarin.Forms.Templates.MVVM.UWP.csproj", "{347DF588-5DC9-4264-9C1D-E638F38FDD5B}"
EndProject
Project("{FAE04EC0-301F-11D3-BF4B-00C04F79EFBC}") = "Xamarin.Forms.Templates.MVVM", "Xamarin.Forms.Templates.MVVM\Xamarin.Forms.Templates.MVVM\Xamarin.Forms.Templates.MVVM.csproj", "{1D669F9D-CBBA-48B6-8DE9-5C7D93BD7F3E}"
EndProject
Global
	GlobalSection(SolutionConfigurationPlatforms) = preSolution
		Ad-Hoc|Any CPU = Ad-Hoc|Any CPU
		Ad-Hoc|ARM = Ad-Hoc|ARM
		Ad-Hoc|iPhone = Ad-Hoc|iPhone
		Ad-Hoc|iPhoneSimulator = Ad-Hoc|iPhoneSimulator
		Ad-Hoc|x64 = Ad-Hoc|x64
		Ad-Hoc|x86 = Ad-Hoc|x86
		AppStore|Any CPU = AppStore|Any CPU
		AppStore|ARM = AppStore|ARM
		AppStore|iPhone = AppStore|iPhone
		AppStore|iPhoneSimulator = AppStore|iPhoneSimulator
		AppStore|x64 = AppStore|x64
		AppStore|x86 = AppStore|x86
		Debug|Any CPU = Debug|Any CPU
		Debug|ARM = Debug|ARM
		Debug|iPhone = Debug|iPhone
		Debug|iPhoneSimulator = Debug|iPhoneSimulator
		Debug|x64 = Debug|x64
		Debug|x86 = Debug|x86
		Release|Any CPU = Release|Any CPU
		Release|ARM = Release|ARM
		Release|iPhone = Release|iPhone
		Release|iPhoneSimulator = Release|iPhoneSimulator
		Release|x64 = Release|x64
		Release|x86 = Release|x86
	EndGlobalSection
	GlobalSection(ProjectConfigurationPlatforms) = postSolution
		{D12AF9BE-6E5D-4BBF-80DC-90753262D45F}.Ad-Hoc|Any CPU.ActiveCfg = Release|Any CPU
		{D12AF9BE-6E5D-4BBF-80DC-90753262D45F}.Ad-Hoc|Any CPU.Build.0 = Release|Any CPU
		{D12AF9BE-6E5D-4BBF-80DC-90753262D45F}.Ad-Hoc|Any CPU.Deploy.0 = Release|Any CPU
		{D12AF9BE-6E5D-4BBF-80DC-90753262D45F}.Ad-Hoc|ARM.ActiveCfg = Release|Any CPU
		{D12AF9BE-6E5D-4BBF-80DC-90753262D45F}.Ad-Hoc|ARM.Build.0 = Release|Any CPU
		{D12AF9BE-6E5D-4BBF-80DC-90753262D45F}.Ad-Hoc|ARM.Deploy.0 = Release|Any CPU
		{D12AF9BE-6E5D-4BBF-80DC-90753262D45F}.Ad-Hoc|iPhone.ActiveCfg = Release|Any CPU
		{D12AF9BE-6E5D-4BBF-80DC-90753262D45F}.Ad-Hoc|iPhone.Build.0 = Release|Any CPU
		{D12AF9BE-6E5D-4BBF-80DC-90753262D45F}.Ad-Hoc|iPhone.Deploy.0 = Release|Any CPU
		{D12AF9BE-6E5D-4BBF-80DC-90753262D45F}.Ad-Hoc|iPhoneSimulator.ActiveCfg = Release|Any CPU
		{D12AF9BE-6E5D-4BBF-80DC-90753262D45F}.Ad-Hoc|iPhoneSimulator.Build.0 = Release|Any CPU
		{D12AF9BE-6E5D-4BBF-80DC-90753262D45F}.Ad-Hoc|iPhoneSimulator.Deploy.0 = Release|Any CPU
		{D12AF9BE-6E5D-4BBF-80DC-90753262D45F}.Ad-Hoc|x64.ActiveCfg = Release|Any CPU
		{D12AF9BE-6E5D-4BBF-80DC-90753262D45F}.Ad-Hoc|x64.Build.0 = Release|Any CPU
		{D12AF9BE-6E5D-4BBF-80DC-90753262D45F}.Ad-Hoc|x64.Deploy.0 = Release|Any CPU
		{D12AF9BE-6E5D-4BBF-80DC-90753262D45F}.Ad-Hoc|x86.ActiveCfg = Release|Any CPU
		{D12AF9BE-6E5D-4BBF-80DC-90753262D45F}.Ad-Hoc|x86.Build.0 = Release|Any CPU
		{D12AF9BE-6E5D-4BBF-80DC-90753262D45F}.Ad-Hoc|x86.Deploy.0 = Release|Any CPU
		{D12AF9BE-6E5D-4BBF-80DC-90753262D45F}.AppStore|Any CPU.ActiveCfg = Release|Any CPU
		{D12AF9BE-6E5D-4BBF-80DC-90753262D45F}.AppStore|Any CPU.Build.0 = Release|Any CPU
		{D12AF9BE-6E5D-4BBF-80DC-90753262D45F}.AppStore|Any CPU.Deploy.0 = Release|Any CPU
		{D12AF9BE-6E5D-4BBF-80DC-90753262D45F}.AppStore|ARM.ActiveCfg = Release|Any CPU
		{D12AF9BE-6E5D-4BBF-80DC-90753262D45F}.AppStore|ARM.Build.0 = Release|Any CPU
		{D12AF9BE-6E5D-4BBF-80DC-90753262D45F}.AppStore|ARM.Deploy.0 = Release|Any CPU
		{D12AF9BE-6E5D-4BBF-80DC-90753262D45F}.AppStore|iPhone.ActiveCfg = Release|Any CPU
		{D12AF9BE-6E5D-4BBF-80DC-90753262D45F}.AppStore|iPhone.Build.0 = Release|Any CPU
		{D12AF9BE-6E5D-4BBF-80DC-90753262D45F}.AppStore|iPhone.Deploy.0 = Release|Any CPU
		{D12AF9BE-6E5D-4BBF-80DC-90753262D45F}.AppStore|iPhoneSimulator.ActiveCfg = Release|Any CPU
		{D12AF9BE-6E5D-4BBF-80DC-90753262D45F}.AppStore|iPhoneSimulator.Build.0 = Release|Any CPU
		{D12AF9BE-6E5D-4BBF-80DC-90753262D45F}.AppStore|iPhoneSimulator.Deploy.0 = Release|Any CPU
		{D12AF9BE-6E5D-4BBF-80DC-90753262D45F}.AppStore|x64.ActiveCfg = Release|Any CPU
		{D12AF9BE-6E5D-4BBF-80DC-90753262D45F}.AppStore|x64.Build.0 = Release|Any CPU
		{D12AF9BE-6E5D-4BBF-80DC-90753262D45F}.AppStore|x64.Deploy.0 = Release|Any CPU
		{D12AF9BE-6E5D-4BBF-80DC-90753262D45F}.AppStore|x86.ActiveCfg = Release|Any CPU
		{D12AF9BE-6E5D-4BBF-80DC-90753262D45F}.AppStore|x86.Build.0 = Release|Any CPU
		{D12AF9BE-6E5D-4BBF-80DC-90753262D45F}.AppStore|x86.Deploy.0 = Release|Any CPU
		{D12AF9BE-6E5D-4BBF-80DC-90753262D45F}.Debug|Any CPU.ActiveCfg = Debug|Any CPU
		{D12AF9BE-6E5D-4BBF-80DC-90753262D45F}.Debug|Any CPU.Build.0 = Debug|Any CPU
		{D12AF9BE-6E5D-4BBF-80DC-90753262D45F}.Debug|Any CPU.Deploy.0 = Debug|Any CPU
		{D12AF9BE-6E5D-4BBF-80DC-90753262D45F}.Debug|ARM.ActiveCfg = Debug|Any CPU
		{D12AF9BE-6E5D-4BBF-80DC-90753262D45F}.Debug|ARM.Build.0 = Debug|Any CPU
		{D12AF9BE-6E5D-4BBF-80DC-90753262D45F}.Debug|ARM.Deploy.0 = Debug|Any CPU
		{D12AF9BE-6E5D-4BBF-80DC-90753262D45F}.Debug|iPhone.ActiveCfg = Debug|Any CPU
		{D12AF9BE-6E5D-4BBF-80DC-90753262D45F}.Debug|iPhone.Build.0 = Debug|Any CPU
		{D12AF9BE-6E5D-4BBF-80DC-90753262D45F}.Debug|iPhone.Deploy.0 = Debug|Any CPU
		{D12AF9BE-6E5D-4BBF-80DC-90753262D45F}.Debug|iPhoneSimulator.ActiveCfg = Debug|Any CPU
		{D12AF9BE-6E5D-4BBF-80DC-90753262D45F}.Debug|iPhoneSimulator.Build.0 = Debug|Any CPU
		{D12AF9BE-6E5D-4BBF-80DC-90753262D45F}.Debug|iPhoneSimulator.Deploy.0 = Debug|Any CPU
		{D12AF9BE-6E5D-4BBF-80DC-90753262D45F}.Debug|x64.ActiveCfg = Debug|Any CPU
		{D12AF9BE-6E5D-4BBF-80DC-90753262D45F}.Debug|x64.Build.0 = Debug|Any CPU
		{D12AF9BE-6E5D-4BBF-80DC-90753262D45F}.Debug|x64.Deploy.0 = Debug|Any CPU
		{D12AF9BE-6E5D-4BBF-80DC-90753262D45F}.Debug|x86.ActiveCfg = Debug|Any CPU
		{D12AF9BE-6E5D-4BBF-80DC-90753262D45F}.Debug|x86.Build.0 = Debug|Any CPU
		{D12AF9BE-6E5D-4BBF-80DC-90753262D45F}.Debug|x86.Deploy.0 = Debug|Any CPU
		{D12AF9BE-6E5D-4BBF-80DC-90753262D45F}.Release|Any CPU.ActiveCfg = Release|Any CPU
		{D12AF9BE-6E5D-4BBF-80DC-90753262D45F}.Release|Any CPU.Build.0 = Release|Any CPU
		{D12AF9BE-6E5D-4BBF-80DC-90753262D45F}.Release|Any CPU.Deploy.0 = Release|Any CPU
		{D12AF9BE-6E5D-4BBF-80DC-90753262D45F}.Release|ARM.ActiveCfg = Release|Any CPU
		{D12AF9BE-6E5D-4BBF-80DC-90753262D45F}.Release|ARM.Build.0 = Release|Any CPU
		{D12AF9BE-6E5D-4BBF-80DC-90753262D45F}.Release|ARM.Deploy.0 = Release|Any CPU
		{D12AF9BE-6E5D-4BBF-80DC-90753262D45F}.Release|iPhone.ActiveCfg = Release|Any CPU
		{D12AF9BE-6E5D-4BBF-80DC-90753262D45F}.Release|iPhone.Build.0 = Release|Any CPU
		{D12AF9BE-6E5D-4BBF-80DC-90753262D45F}.Release|iPhone.Deploy.0 = Release|Any CPU
		{D12AF9BE-6E5D-4BBF-80DC-90753262D45F}.Release|iPhoneSimulator.ActiveCfg = Release|Any CPU
		{D12AF9BE-6E5D-4BBF-80DC-90753262D45F}.Release|iPhoneSimulator.Build.0 = Release|Any CPU
		{D12AF9BE-6E5D-4BBF-80DC-90753262D45F}.Release|iPhoneSimulator.Deploy.0 = Release|Any CPU
		{D12AF9BE-6E5D-4BBF-80DC-90753262D45F}.Release|x64.ActiveCfg = Release|Any CPU
		{D12AF9BE-6E5D-4BBF-80DC-90753262D45F}.Release|x64.Build.0 = Release|Any CPU
		{D12AF9BE-6E5D-4BBF-80DC-90753262D45F}.Release|x64.Deploy.0 = Release|Any CPU
		{D12AF9BE-6E5D-4BBF-80DC-90753262D45F}.Release|x86.ActiveCfg = Release|Any CPU
		{D12AF9BE-6E5D-4BBF-80DC-90753262D45F}.Release|x86.Build.0 = Release|Any CPU
		{D12AF9BE-6E5D-4BBF-80DC-90753262D45F}.Release|x86.Deploy.0 = Release|Any CPU
		{A59D7D45-D9A4-4845-94D7-EFD5ABEC0BB7}.Ad-Hoc|Any CPU.ActiveCfg = Ad-Hoc|iPhone
		{A59D7D45-D9A4-4845-94D7-EFD5ABEC0BB7}.Ad-Hoc|ARM.ActiveCfg = Ad-Hoc|iPhone
		{A59D7D45-D9A4-4845-94D7-EFD5ABEC0BB7}.Ad-Hoc|iPhone.ActiveCfg = Ad-Hoc|iPhone
		{A59D7D45-D9A4-4845-94D7-EFD5ABEC0BB7}.Ad-Hoc|iPhone.Build.0 = Ad-Hoc|iPhone
		{A59D7D45-D9A4-4845-94D7-EFD5ABEC0BB7}.Ad-Hoc|iPhoneSimulator.ActiveCfg = Ad-Hoc|iPhoneSimulator
		{A59D7D45-D9A4-4845-94D7-EFD5ABEC0BB7}.Ad-Hoc|iPhoneSimulator.Build.0 = Ad-Hoc|iPhoneSimulator
		{A59D7D45-D9A4-4845-94D7-EFD5ABEC0BB7}.Ad-Hoc|x64.ActiveCfg = Ad-Hoc|iPhone
		{A59D7D45-D9A4-4845-94D7-EFD5ABEC0BB7}.Ad-Hoc|x86.ActiveCfg = Ad-Hoc|iPhone
		{A59D7D45-D9A4-4845-94D7-EFD5ABEC0BB7}.AppStore|Any CPU.ActiveCfg = AppStore|iPhone
		{A59D7D45-D9A4-4845-94D7-EFD5ABEC0BB7}.AppStore|ARM.ActiveCfg = AppStore|iPhone
		{A59D7D45-D9A4-4845-94D7-EFD5ABEC0BB7}.AppStore|iPhone.ActiveCfg = AppStore|iPhone
		{A59D7D45-D9A4-4845-94D7-EFD5ABEC0BB7}.AppStore|iPhone.Build.0 = AppStore|iPhone
		{A59D7D45-D9A4-4845-94D7-EFD5ABEC0BB7}.AppStore|iPhoneSimulator.ActiveCfg = AppStore|iPhoneSimulator
		{A59D7D45-D9A4-4845-94D7-EFD5ABEC0BB7}.AppStore|iPhoneSimulator.Build.0 = AppStore|iPhoneSimulator
		{A59D7D45-D9A4-4845-94D7-EFD5ABEC0BB7}.AppStore|x64.ActiveCfg = AppStore|iPhone
		{A59D7D45-D9A4-4845-94D7-EFD5ABEC0BB7}.AppStore|x86.ActiveCfg = AppStore|iPhone
		{A59D7D45-D9A4-4845-94D7-EFD5ABEC0BB7}.Debug|Any CPU.ActiveCfg = Debug|iPhone
		{A59D7D45-D9A4-4845-94D7-EFD5ABEC0BB7}.Debug|ARM.ActiveCfg = Debug|iPhone
		{A59D7D45-D9A4-4845-94D7-EFD5ABEC0BB7}.Debug|iPhone.ActiveCfg = Debug|iPhone
		{A59D7D45-D9A4-4845-94D7-EFD5ABEC0BB7}.Debug|iPhone.Build.0 = Debug|iPhone
		{A59D7D45-D9A4-4845-94D7-EFD5ABEC0BB7}.Debug|iPhoneSimulator.ActiveCfg = Debug|iPhoneSimulator
		{A59D7D45-D9A4-4845-94D7-EFD5ABEC0BB7}.Debug|iPhoneSimulator.Build.0 = Debug|iPhoneSimulator
		{A59D7D45-D9A4-4845-94D7-EFD5ABEC0BB7}.Debug|x64.ActiveCfg = Debug|iPhone
		{A59D7D45-D9A4-4845-94D7-EFD5ABEC0BB7}.Debug|x86.ActiveCfg = Debug|iPhone
		{A59D7D45-D9A4-4845-94D7-EFD5ABEC0BB7}.Release|Any CPU.ActiveCfg = Release|iPhone
		{A59D7D45-D9A4-4845-94D7-EFD5ABEC0BB7}.Release|ARM.ActiveCfg = Release|iPhone
		{A59D7D45-D9A4-4845-94D7-EFD5ABEC0BB7}.Release|iPhone.ActiveCfg = Release|iPhone
		{A59D7D45-D9A4-4845-94D7-EFD5ABEC0BB7}.Release|iPhone.Build.0 = Release|iPhone
		{A59D7D45-D9A4-4845-94D7-EFD5ABEC0BB7}.Release|iPhoneSimulator.ActiveCfg = Release|iPhoneSimulator
		{A59D7D45-D9A4-4845-94D7-EFD5ABEC0BB7}.Release|iPhoneSimulator.Build.0 = Release|iPhoneSimulator
		{A59D7D45-D9A4-4845-94D7-EFD5ABEC0BB7}.Release|x64.ActiveCfg = Release|iPhone
		{A59D7D45-D9A4-4845-94D7-EFD5ABEC0BB7}.Release|x86.ActiveCfg = Release|iPhone
		{347DF588-5DC9-4264-9C1D-E638F38FDD5B}.Ad-Hoc|Any CPU.ActiveCfg = Release|x86
		{347DF588-5DC9-4264-9C1D-E638F38FDD5B}.Ad-Hoc|Any CPU.Build.0 = Release|x86
		{347DF588-5DC9-4264-9C1D-E638F38FDD5B}.Ad-Hoc|Any CPU.Deploy.0 = Release|x86
		{347DF588-5DC9-4264-9C1D-E638F38FDD5B}.Ad-Hoc|ARM.ActiveCfg = Release|ARM
		{347DF588-5DC9-4264-9C1D-E638F38FDD5B}.Ad-Hoc|ARM.Build.0 = Release|ARM
		{347DF588-5DC9-4264-9C1D-E638F38FDD5B}.Ad-Hoc|ARM.Deploy.0 = Release|ARM
		{347DF588-5DC9-4264-9C1D-E638F38FDD5B}.Ad-Hoc|iPhone.ActiveCfg = Release|x86
		{347DF588-5DC9-4264-9C1D-E638F38FDD5B}.Ad-Hoc|iPhone.Build.0 = Release|x86
		{347DF588-5DC9-4264-9C1D-E638F38FDD5B}.Ad-Hoc|iPhone.Deploy.0 = Release|x86
		{347DF588-5DC9-4264-9C1D-E638F38FDD5B}.Ad-Hoc|iPhoneSimulator.ActiveCfg = Release|x86
		{347DF588-5DC9-4264-9C1D-E638F38FDD5B}.Ad-Hoc|iPhoneSimulator.Build.0 = Release|x86
		{347DF588-5DC9-4264-9C1D-E638F38FDD5B}.Ad-Hoc|iPhoneSimulator.Deploy.0 = Release|x86
		{347DF588-5DC9-4264-9C1D-E638F38FDD5B}.Ad-Hoc|x64.ActiveCfg = Release|x64
		{347DF588-5DC9-4264-9C1D-E638F38FDD5B}.Ad-Hoc|x64.Build.0 = Release|x64
		{347DF588-5DC9-4264-9C1D-E638F38FDD5B}.Ad-Hoc|x64.Deploy.0 = Release|x64
		{347DF588-5DC9-4264-9C1D-E638F38FDD5B}.Ad-Hoc|x86.ActiveCfg = Release|x86
		{347DF588-5DC9-4264-9C1D-E638F38FDD5B}.Ad-Hoc|x86.Build.0 = Release|x86
		{347DF588-5DC9-4264-9C1D-E638F38FDD5B}.Ad-Hoc|x86.Deploy.0 = Release|x86
		{347DF588-5DC9-4264-9C1D-E638F38FDD5B}.AppStore|Any CPU.ActiveCfg = Release|x86
		{347DF588-5DC9-4264-9C1D-E638F38FDD5B}.AppStore|Any CPU.Build.0 = Release|x86
		{347DF588-5DC9-4264-9C1D-E638F38FDD5B}.AppStore|Any CPU.Deploy.0 = Release|x86
		{347DF588-5DC9-4264-9C1D-E638F38FDD5B}.AppStore|ARM.ActiveCfg = Release|ARM
		{347DF588-5DC9-4264-9C1D-E638F38FDD5B}.AppStore|ARM.Build.0 = Release|ARM
		{347DF588-5DC9-4264-9C1D-E638F38FDD5B}.AppStore|ARM.Deploy.0 = Release|ARM
		{347DF588-5DC9-4264-9C1D-E638F38FDD5B}.AppStore|iPhone.ActiveCfg = Release|x86
		{347DF588-5DC9-4264-9C1D-E638F38FDD5B}.AppStore|iPhone.Build.0 = Release|x86
		{347DF588-5DC9-4264-9C1D-E638F38FDD5B}.AppStore|iPhone.Deploy.0 = Release|x86
		{347DF588-5DC9-4264-9C1D-E638F38FDD5B}.AppStore|iPhoneSimulator.ActiveCfg = Release|x86
		{347DF588-5DC9-4264-9C1D-E638F38FDD5B}.AppStore|iPhoneSimulator.Build.0 = Release|x86
		{347DF588-5DC9-4264-9C1D-E638F38FDD5B}.AppStore|iPhoneSimulator.Deploy.0 = Release|x86
		{347DF588-5DC9-4264-9C1D-E638F38FDD5B}.AppStore|x64.ActiveCfg = Release|x64
		{347DF588-5DC9-4264-9C1D-E638F38FDD5B}.AppStore|x64.Build.0 = Release|x64
		{347DF588-5DC9-4264-9C1D-E638F38FDD5B}.AppStore|x64.Deploy.0 = Release|x64
		{347DF588-5DC9-4264-9C1D-E638F38FDD5B}.AppStore|x86.ActiveCfg = Release|x86
		{347DF588-5DC9-4264-9C1D-E638F38FDD5B}.AppStore|x86.Build.0 = Release|x86
		{347DF588-5DC9-4264-9C1D-E638F38FDD5B}.AppStore|x86.Deploy.0 = Release|x86
		{347DF588-5DC9-4264-9C1D-E638F38FDD5B}.Debug|Any CPU.ActiveCfg = Debug|x86
		{347DF588-5DC9-4264-9C1D-E638F38FDD5B}.Debug|ARM.ActiveCfg = Debug|ARM
		{347DF588-5DC9-4264-9C1D-E638F38FDD5B}.Debug|ARM.Build.0 = Debug|ARM
		{347DF588-5DC9-4264-9C1D-E638F38FDD5B}.Debug|ARM.Deploy.0 = Debug|ARM
		{347DF588-5DC9-4264-9C1D-E638F38FDD5B}.Debug|iPhone.ActiveCfg = Debug|x86
		{347DF588-5DC9-4264-9C1D-E638F38FDD5B}.Debug|iPhoneSimulator.ActiveCfg = Debug|x86
		{347DF588-5DC9-4264-9C1D-E638F38FDD5B}.Debug|x64.ActiveCfg = Debug|x64
		{347DF588-5DC9-4264-9C1D-E638F38FDD5B}.Debug|x64.Build.0 = Debug|x64
		{347DF588-5DC9-4264-9C1D-E638F38FDD5B}.Debug|x64.Deploy.0 = Debug|x64
		{347DF588-5DC9-4264-9C1D-E638F38FDD5B}.Debug|x86.ActiveCfg = Debug|x86
		{347DF588-5DC9-4264-9C1D-E638F38FDD5B}.Debug|x86.Build.0 = Debug|x86
		{347DF588-5DC9-4264-9C1D-E638F38FDD5B}.Debug|x86.Deploy.0 = Debug|x86
		{347DF588-5DC9-4264-9C1D-E638F38FDD5B}.Release|Any CPU.ActiveCfg = Release|x86
		{347DF588-5DC9-4264-9C1D-E638F38FDD5B}.Release|ARM.ActiveCfg = Release|ARM
		{347DF588-5DC9-4264-9C1D-E638F38FDD5B}.Release|ARM.Build.0 = Release|ARM
		{347DF588-5DC9-4264-9C1D-E638F38FDD5B}.Release|ARM.Deploy.0 = Release|ARM
		{347DF588-5DC9-4264-9C1D-E638F38FDD5B}.Release|iPhone.ActiveCfg = Release|x86
		{347DF588-5DC9-4264-9C1D-E638F38FDD5B}.Release|iPhoneSimulator.ActiveCfg = Release|x86
		{347DF588-5DC9-4264-9C1D-E638F38FDD5B}.Release|x64.ActiveCfg = Release|x64
		{347DF588-5DC9-4264-9C1D-E638F38FDD5B}.Release|x64.Build.0 = Release|x64
		{347DF588-5DC9-4264-9C1D-E638F38FDD5B}.Release|x64.Deploy.0 = Release|x64
		{347DF588-5DC9-4264-9C1D-E638F38FDD5B}.Release|x86.ActiveCfg = Release|x86
		{347DF588-5DC9-4264-9C1D-E638F38FDD5B}.Release|x86.Build.0 = Release|x86
		{347DF588-5DC9-4264-9C1D-E638F38FDD5B}.Release|x86.Deploy.0 = Release|x86
		{1D669F9D-CBBA-48B6-8DE9-5C7D93BD7F3E}.Ad-Hoc|Any CPU.ActiveCfg = Debug|Any CPU
		{1D669F9D-CBBA-48B6-8DE9-5C7D93BD7F3E}.Ad-Hoc|Any CPU.Build.0 = Debug|Any CPU
		{1D669F9D-CBBA-48B6-8DE9-5C7D93BD7F3E}.Ad-Hoc|ARM.ActiveCfg = Debug|Any CPU
		{1D669F9D-CBBA-48B6-8DE9-5C7D93BD7F3E}.Ad-Hoc|ARM.Build.0 = Debug|Any CPU
		{1D669F9D-CBBA-48B6-8DE9-5C7D93BD7F3E}.Ad-Hoc|iPhone.ActiveCfg = Debug|Any CPU
		{1D669F9D-CBBA-48B6-8DE9-5C7D93BD7F3E}.Ad-Hoc|iPhone.Build.0 = Debug|Any CPU
		{1D669F9D-CBBA-48B6-8DE9-5C7D93BD7F3E}.Ad-Hoc|iPhoneSimulator.ActiveCfg = Debug|Any CPU
		{1D669F9D-CBBA-48B6-8DE9-5C7D93BD7F3E}.Ad-Hoc|iPhoneSimulator.Build.0 = Debug|Any CPU
		{1D669F9D-CBBA-48B6-8DE9-5C7D93BD7F3E}.Ad-Hoc|x64.ActiveCfg = Debug|Any CPU
		{1D669F9D-CBBA-48B6-8DE9-5C7D93BD7F3E}.Ad-Hoc|x64.Build.0 = Debug|Any CPU
		{1D669F9D-CBBA-48B6-8DE9-5C7D93BD7F3E}.Ad-Hoc|x86.ActiveCfg = Debug|Any CPU
		{1D669F9D-CBBA-48B6-8DE9-5C7D93BD7F3E}.Ad-Hoc|x86.Build.0 = Debug|Any CPU
		{1D669F9D-CBBA-48B6-8DE9-5C7D93BD7F3E}.AppStore|Any CPU.ActiveCfg = Debug|Any CPU
		{1D669F9D-CBBA-48B6-8DE9-5C7D93BD7F3E}.AppStore|Any CPU.Build.0 = Debug|Any CPU
		{1D669F9D-CBBA-48B6-8DE9-5C7D93BD7F3E}.AppStore|ARM.ActiveCfg = Debug|Any CPU
		{1D669F9D-CBBA-48B6-8DE9-5C7D93BD7F3E}.AppStore|ARM.Build.0 = Debug|Any CPU
		{1D669F9D-CBBA-48B6-8DE9-5C7D93BD7F3E}.AppStore|iPhone.ActiveCfg = Debug|Any CPU
		{1D669F9D-CBBA-48B6-8DE9-5C7D93BD7F3E}.AppStore|iPhone.Build.0 = Debug|Any CPU
		{1D669F9D-CBBA-48B6-8DE9-5C7D93BD7F3E}.AppStore|iPhoneSimulator.ActiveCfg = Debug|Any CPU
		{1D669F9D-CBBA-48B6-8DE9-5C7D93BD7F3E}.AppStore|iPhoneSimulator.Build.0 = Debug|Any CPU
		{1D669F9D-CBBA-48B6-8DE9-5C7D93BD7F3E}.AppStore|x64.ActiveCfg = Debug|Any CPU
		{1D669F9D-CBBA-48B6-8DE9-5C7D93BD7F3E}.AppStore|x64.Build.0 = Debug|Any CPU
		{1D669F9D-CBBA-48B6-8DE9-5C7D93BD7F3E}.AppStore|x86.ActiveCfg = Debug|Any CPU
		{1D669F9D-CBBA-48B6-8DE9-5C7D93BD7F3E}.AppStore|x86.Build.0 = Debug|Any CPU
		{1D669F9D-CBBA-48B6-8DE9-5C7D93BD7F3E}.Debug|Any CPU.ActiveCfg = Debug|Any CPU
		{1D669F9D-CBBA-48B6-8DE9-5C7D93BD7F3E}.Debug|Any CPU.Build.0 = Debug|Any CPU
		{1D669F9D-CBBA-48B6-8DE9-5C7D93BD7F3E}.Debug|ARM.ActiveCfg = Debug|Any CPU
		{1D669F9D-CBBA-48B6-8DE9-5C7D93BD7F3E}.Debug|ARM.Build.0 = Debug|Any CPU
		{1D669F9D-CBBA-48B6-8DE9-5C7D93BD7F3E}.Debug|iPhone.ActiveCfg = Debug|Any CPU
		{1D669F9D-CBBA-48B6-8DE9-5C7D93BD7F3E}.Debug|iPhone.Build.0 = Debug|Any CPU
		{1D669F9D-CBBA-48B6-8DE9-5C7D93BD7F3E}.Debug|iPhoneSimulator.ActiveCfg = Debug|Any CPU
		{1D669F9D-CBBA-48B6-8DE9-5C7D93BD7F3E}.Debug|iPhoneSimulator.Build.0 = Debug|Any CPU
		{1D669F9D-CBBA-48B6-8DE9-5C7D93BD7F3E}.Debug|x64.ActiveCfg = Debug|Any CPU
		{1D669F9D-CBBA-48B6-8DE9-5C7D93BD7F3E}.Debug|x64.Build.0 = Debug|Any CPU
		{1D669F9D-CBBA-48B6-8DE9-5C7D93BD7F3E}.Debug|x86.ActiveCfg = Debug|Any CPU
		{1D669F9D-CBBA-48B6-8DE9-5C7D93BD7F3E}.Debug|x86.Build.0 = Debug|Any CPU
		{1D669F9D-CBBA-48B6-8DE9-5C7D93BD7F3E}.Release|Any CPU.ActiveCfg = Release|Any CPU
		{1D669F9D-CBBA-48B6-8DE9-5C7D93BD7F3E}.Release|Any CPU.Build.0 = Release|Any CPU
		{1D669F9D-CBBA-48B6-8DE9-5C7D93BD7F3E}.Release|ARM.ActiveCfg = Release|Any CPU
		{1D669F9D-CBBA-48B6-8DE9-5C7D93BD7F3E}.Release|ARM.Build.0 = Release|Any CPU
		{1D669F9D-CBBA-48B6-8DE9-5C7D93BD7F3E}.Release|iPhone.ActiveCfg = Release|Any CPU
		{1D669F9D-CBBA-48B6-8DE9-5C7D93BD7F3E}.Release|iPhone.Build.0 = Release|Any CPU
		{1D669F9D-CBBA-48B6-8DE9-5C7D93BD7F3E}.Release|iPhoneSimulator.ActiveCfg = Release|Any CPU
		{1D669F9D-CBBA-48B6-8DE9-5C7D93BD7F3E}.Release|iPhoneSimulator.Build.0 = Release|Any CPU
		{1D669F9D-CBBA-48B6-8DE9-5C7D93BD7F3E}.Release|x64.ActiveCfg = Release|Any CPU
		{1D669F9D-CBBA-48B6-8DE9-5C7D93BD7F3E}.Release|x64.Build.0 = Release|Any CPU
		{1D669F9D-CBBA-48B6-8DE9-5C7D93BD7F3E}.Release|x86.ActiveCfg = Release|Any CPU
		{1D669F9D-CBBA-48B6-8DE9-5C7D93BD7F3E}.Release|x86.Build.0 = Release|Any CPU
	EndGlobalSection
	GlobalSection(SolutionProperties) = preSolution
		HideSolutionNode = FALSE
	EndGlobalSection
	GlobalSection(ExtensibilityGlobals) = postSolution
		SolutionGuid = {AED6FF5A-4D4E-4BCA-B3EF-EB1908CB7700}
	EndGlobalSection
EndGlobal
